
Microsoft Visual Studio Solution File, Format Version 12.00
# Visual Studio Version 16
VisualStudioVersion = 16.0.31729.503
MinimumVisualStudioVersion = 10.0.40219.1
Project("{FAE04EC0-301F-11D3-BF4B-00C04F79EFBC}") = "backend", "backend\backend.csproj", "{6ADDD994-8B42-4FAC-BDAE-EC4754F04383}"
EndProject
Global
	GlobalSection(SolutionConfigurationPlatforms) = preSolution
		Debug|Any CPU = Debug|Any CPU
		Release|Any CPU = Release|Any CPU
	EndGlobalSection
	GlobalSection(ProjectConfigurationPlatforms) = postSolution
		{6ADDD994-8B42-4FAC-BDAE-EC4754F04383}.Debug|Any CPU.ActiveCfg = Debug|Any CPU
		{6ADDD994-8B42-4FAC-BDAE-EC4754F04383}.Debug|Any CPU.Build.0 = Debug|Any CPU
		{6ADDD994-8B42-4FAC-BDAE-EC4754F04383}.Release|Any CPU.ActiveCfg = Release|Any CPU
		{6ADDD994-8B42-4FAC-BDAE-EC4754F04383}.Release|Any CPU.Build.0 = Release|Any CPU
	EndGlobalSection
	GlobalSection(SolutionProperties) = preSolution
		HideSolutionNode = FALSE
	EndGlobalSection
	GlobalSection(ExtensibilityGlobals) = postSolution
		SolutionGuid = {503F9286-381E-4A8D-B829-B87225E67EF7}
	EndGlobalSection
EndGlobal
